
Microsoft Visual Studio Solution File, Format Version 12.00
Project("{FAE04EC0-301F-11D3-BF4B-00C04F79EFBC}") = "AoC2024", "AoC2024\AoC2024.csproj", "{504458E4-BD35-4DC0-9866-A5D1CDD40CBA}"
EndProject
Global
	GlobalSection(SolutionConfigurationPlatforms) = preSolution
		Debug|Any CPU = Debug|Any CPU
		Release|Any CPU = Release|Any CPU
	EndGlobalSection
	GlobalSection(ProjectConfigurationPlatforms) = postSolution
		{504458E4-BD35-4DC0-9866-A5D1CDD40CBA}.Debug|Any CPU.ActiveCfg = Debug|Any CPU
		{504458E4-BD35-4DC0-9866-A5D1CDD40CBA}.Debug|Any CPU.Build.0 = Debug|Any CPU
		{504458E4-BD35-4DC0-9866-A5D1CDD40CBA}.Release|Any CPU.ActiveCfg = Release|Any CPU
		{504458E4-BD35-4DC0-9866-A5D1CDD40CBA}.Release|Any CPU.Build.0 = Release|Any CPU
	EndGlobalSection
EndGlobal
